hash: ab65ed5f6ec9c4166f8a13d60144b7503abd3bd87431ea1dfc26e97e190ddff5
updated: 2016-12-14T14:52:44.530023485+01:00
imports:
- name: github.com/intelsdi-x/snap
  version: 8905198aaab5bfb6d50a747477ca401e3a7a33ab
  subpackages:
  - control/plugin
  - control/plugin/cpolicy
  - control/plugin/encoding
  - control/plugin/encrypter
  - core
  - core/cdata
  - core/ctypes
  - core/serror
  - pkg/ctree
  - pkg/schedule
  - pkg/stringutils
  - scheduler/wmap
- name: github.com/robfig/cron
  version: 32d9c273155a0506d27cf73dd1246e86a470997e
- name: github.com/Sirupsen/logrus
  version: be52937128b38f1d99787bb476c789e2af1147f1
- name: golang.org/x/sys
  version: ca83bd2cb9abb47839b50eb4da612f00158f5870
  subpackages:
  - unix
- name: gopkg.in/yaml.v2
  version: c1cd2254a6dd314c9d73c338c12688c9325d85c6
testImports:
- name: github.com/gopherjs/gopherjs
  version: e34a5cd6a1bc7c4fde759f2d3039852fc68b5fcc
  subpackages:
  - js
- name: github.com/jtolds/gls
  version: 8ddce2a84170772b95dd5d576c48d517b22cac63
- name: github.com/smartystreets/assertions
  version: e60cfa771e3f4d18723a4119f1833898c9c62066
  subpackages:
  - internal/go-render/render
  - internal/oglematchers
- name: github.com/smartystreets/goconvey
  version: d4c757aa9afd1e2fc1832aaab209b5794eb336e1
  subpackages:
  - convey
  - convey/gotest
  - convey/reporting
